
Microsoft Visual Studio Solution File, Format Version 12.00
# Visual Studio 15
VisualStudioVersion = 15.0.27004.2005
MinimumVisualStudioVersion = 10.0.40219.1
Project("{FAE04EC0-301F-11D3-BF4B-00C04F79EFBC}") = "hn-console", "hn-console\hn-console.csproj", "{FB3BE161-7B69-4AD2-8AC4-40DE26302153}"
EndProject
Global
	GlobalSection(SolutionConfigurationPlatforms) = preSolution
		Debug|Any CPU = Debug|Any CPU
		Release|Any CPU = Release|Any CPU
	EndGlobalSection
	GlobalSection(ProjectConfigurationPlatforms) = postSolution
		{FB3BE161-7B69-4AD2-8AC4-40DE26302153}.Debug|Any CPU.ActiveCfg = Debug|Any CPU
		{FB3BE161-7B69-4AD2-8AC4-40DE26302153}.Debug|Any CPU.Build.0 = Debug|Any CPU
		{FB3BE161-7B69-4AD2-8AC4-40DE26302153}.Release|Any CPU.ActiveCfg = Release|Any CPU
		{FB3BE161-7B69-4AD2-8AC4-40DE26302153}.Release|Any CPU.Build.0 = Release|Any CPU
	EndGlobalSection
	GlobalSection(SolutionProperties) = preSolution
		HideSolutionNode = FALSE
	EndGlobalSection
	GlobalSection(ExtensibilityGlobals) = postSolution
		SolutionGuid = {2DB5AFB6-EECB-4F05-A659-709C102E3E2A}
	EndGlobalSection
EndGlobal
